
Microsoft Visual Studio Solution File, Format Version 12.00
# Visual Studio Version 17
VisualStudioVersion = 17.8.34525.116
MinimumVisualStudioVersion = 10.0.40219.1
Project("{FAE04EC0-301F-11D3-BF4B-00C04F79EFBC}") = "WindowsServiceProject", "WindowsServiceProject\WindowsServiceProject.csproj", "{7240B005-8B9D-44AA-AD1D-F03DEFEE81BE}"
EndProject
Global
	GlobalSection(SolutionConfigurationPlatforms) = preSolution
		Debug|Any CPU = Debug|Any CPU
		Release|Any CPU = Release|Any CPU
	EndGlobalSection
	GlobalSection(ProjectConfigurationPlatforms) = postSolution
		{7240B005-8B9D-44AA-AD1D-F03DEFEE81BE}.Debug|Any CPU.ActiveCfg = Debug|Any CPU
		{7240B005-8B9D-44AA-AD1D-F03DEFEE81BE}.Debug|Any CPU.Build.0 = Debug|Any CPU
		{7240B005-8B9D-44AA-AD1D-F03DEFEE81BE}.Release|Any CPU.ActiveCfg = Release|Any CPU
		{7240B005-8B9D-44AA-AD1D-F03DEFEE81BE}.Release|Any CPU.Build.0 = Release|Any CPU
	EndGlobalSection
	GlobalSection(SolutionProperties) = preSolution
		HideSolutionNode = FALSE
	EndGlobalSection
	GlobalSection(ExtensibilityGlobals) = postSolution
		SolutionGuid = {46D442FE-1C9C-4CC8-97B8-6291351658D6}
	EndGlobalSection
EndGlobal
